# Generated by pub
# See https://dart.dev/tools/pub/glossary#lockfile
packages:
  animations:
    dependency: "direct main"
    description:
      name: animations
      sha256: fe8a6bdca435f718bb1dc8a11661b2c22504c6da40ef934cee8327ed77934164
      url: "https://pub.dev"
    source: hosted
    version: "2.0.7"
  archive:
    dependency: transitive
    description:
      name: archive
      sha256: ed7cc591a948744994714375caf9a2ce89e1d82e8243997c8a2994d57181c212
      url: "https://pub.dev"
    source: hosted
    version: "3.3.5"
  args:
    dependency: transitive
    description:
      name: args
      sha256: b003c3098049a51720352d219b0bb5f219b60fbfb68e7a4748139a06a5676515
      url: "https://pub.dev"
    source: hosted
    version: "2.3.1"
  async:
    dependency: transitive
    description:
      name: async
      sha256: "947bfcf187f74dbc5e146c9eb9c0f10c9f8b30743e341481c1e2ed3ecc18c20c"
      url: "https://pub.dev"
    source: hosted
    version: "2.11.0"
  audio_session:
    dependency: transitive
    description:
      name: audio_session
      sha256: e4acc4e9eaa32436dfc5d7aed7f0a370f2d7bb27ee27de30d6c4f220c2a05c73
      url: "https://pub.dev"
    source: hosted
    version: "0.1.13"
  badges:
    dependency: "direct main"
    description:
      name: badges
      sha256: "727580d938b7a1ff47ea42df730d581415606b4224cfa708671c10287f8d3fe6"
      url: "https://pub.dev"
    source: hosted
    version: "2.0.3"
  boolean_selector:
    dependency: transitive
    description:
      name: boolean_selector
      sha256: "6cfb5af12253eaf2b368f07bacc5a80d1301a071c73360d746b7f2e32d762c66"
      url: "https://pub.dev"
    source: hosted
    version: "2.1.1"
  cached_network_image:
    dependency: transitive
    description:
      name: cached_network_image
      sha256: fd3d0dc1d451f9a252b32d95d3f0c3c487bc41a75eba2e6097cb0b9c71491b15
      url: "https://pub.dev"
    source: hosted
    version: "3.2.3"
  cached_network_image_platform_interface:
    dependency: transitive
    description:
      name: cached_network_image_platform_interface
      sha256: bb2b8403b4ccdc60ef5f25c70dead1f3d32d24b9d6117cfc087f496b178594a7
      url: "https://pub.dev"
    source: hosted
    version: "2.0.0"
  cached_network_image_web:
    dependency: transitive
    description:
      name: cached_network_image_web
      sha256: b8eb814ebfcb4dea049680f8c1ffb2df399e4d03bf7a352c775e26fa06e02fa0
      url: "https://pub.dev"
    source: hosted
    version: "1.0.2"
  characters:
    dependency: transitive
    description:
      name: characters
      sha256: "04a925763edad70e8443c99234dc3328f442e811f1d8fd1a72f1c8ad0f69a605"
      url: "https://pub.dev"
    source: hosted
    version: "1.3.0"
  checked_yaml:
    dependency: transitive
    description:
      name: checked_yaml
      sha256: dd007e4fb8270916820a0d66e24f619266b60773cddd082c6439341645af2659
      url: "https://pub.dev"
    source: hosted
    version: "2.0.1"
  chewie:
    dependency: transitive
    description:
      name: chewie
      sha256: e9da4898ee4859825404f507969f57113c04ca0060e152b95c9afd73934126ad
      url: "https://pub.dev"
    source: hosted
    version: "1.4.0"
  cli_util:
    dependency: transitive
    description:
      name: cli_util
      sha256: "66f86e916d285c1a93d3b79587d94bd71984a66aac4ff74e524cfa7877f1395c"
      url: "https://pub.dev"
    source: hosted
    version: "0.3.5"
  clock:
    dependency: transitive
    description:
      name: clock
      sha256: cb6d7f03e1de671e34607e909a7213e31d7752be4fb66a86d29fe1eb14bfb5cf
      url: "https://pub.dev"
    source: hosted
    version: "1.1.1"
  collection:
    dependency: transitive
    description:
      name: collection
      sha256: f092b211a4319e98e5ff58223576de6c2803db36221657b46c82574721240687
      url: "https://pub.dev"
    source: hosted
    version: "1.17.2"
  convert:
    dependency: transitive
    description:
      name: convert
      sha256: "0f08b14755d163f6e2134cb58222dd25ea2a2ee8a195e53983d57c075324d592"
      url: "https://pub.dev"
    source: hosted
    version: "3.1.1"
  cross_file:
    dependency: transitive
    description:
      name: cross_file
      sha256: f71079978789bc2fe78d79227f1f8cfe195b31bbd8db2399b0d15a4b96fb843b
      url: "https://pub.dev"
    source: hosted
    version: "0.3.3+2"
  crypto:
    dependency: transitive
    description:
      name: crypto
      sha256: aa274aa7774f8964e4f4f38cc994db7b6158dd36e9187aaceaddc994b35c6c67
      url: "https://pub.dev"
    source: hosted
    version: "3.0.2"
  csc_picker:
    dependency: "direct main"
    description:
      name: csc_picker
      sha256: "5293e94a5a0abd1745086d53f2912aee7582eb378d3075f2bb7c0aa0b195f349"
      url: "https://pub.dev"
    source: hosted
    version: "0.2.6"
  csslib:
    dependency: transitive
    description:
      name: csslib
      sha256: b36c7f7e24c0bdf1bf9a3da461c837d1de64b9f8beb190c9011d8c72a3dfd745
      url: "https://pub.dev"
    source: hosted
    version: "0.17.2"
  cupertino_icons:
    dependency: "direct main"
    description:
      name: cupertino_icons
      sha256: e35129dc44c9118cee2a5603506d823bab99c68393879edb440e0090d07586be
      url: "https://pub.dev"
    source: hosted
    version: "1.0.5"
  dbus:
    dependency: transitive
    description:
      name: dbus
      sha256: "253bfaa3d340778d8bc755e89c3af38e85ef95e65fd5d5670aa3167f8d4f6577"
      url: "https://pub.dev"
    source: hosted
    version: "0.7.4"
  dio:
    dependency: "direct main"
    description:
      name: dio
      sha256: "7d328c4d898a61efc3cd93655a0955858e29a0aa647f0f9e02d59b3bb275e2e8"
      url: "https://pub.dev"
    source: hosted
    version: "4.0.6"
  fake_async:
    dependency: transitive
    description:
      name: fake_async
      sha256: "511392330127add0b769b75a987850d136345d9227c6b94c96a04cf4a391bf78"
      url: "https://pub.dev"
    source: hosted
    version: "1.3.1"
  ffi:
    dependency: transitive
    description:
      name: ffi
      sha256: "13a6ccf6a459a125b3fcdb6ec73bd5ff90822e071207c663bfd1f70062d51d18"
      url: "https://pub.dev"
    source: hosted
    version: "1.2.1"
  file:
    dependency: transitive
    description:
      name: file
      sha256: "1b92bec4fc2a72f59a8e15af5f52cd441e4a7860b49499d69dfa817af20e925d"
      url: "https://pub.dev"
    source: hosted
    version: "6.1.4"
  file_picker:
    dependency: "direct main"
    description:
      name: file_picker
      sha256: "704259669b5e9cb24e15c11cfcf02caf5f20d30901b3916d60b6d1c2d647035f"
      url: "https://pub.dev"
    source: hosted
    version: "4.6.1"
  flutter:
    dependency: "direct main"
    description: flutter
    source: sdk
    version: "0.0.0"
  flutter_blurhash:
    dependency: transitive
    description:
      name: flutter_blurhash
      sha256: "05001537bd3fac7644fa6558b09ec8c0a3f2eba78c0765f88912882b1331a5c6"
      url: "https://pub.dev"
    source: hosted
    version: "0.7.0"
  flutter_cache_manager:
    dependency: transitive
    description:
      name: flutter_cache_manager
      sha256: "32cd900555219333326a2d0653aaaf8671264c29befa65bbd9856d204a4c9fb3"
      url: "https://pub.dev"
    source: hosted
    version: "3.3.0"
  flutter_launcher_icons:
    dependency: "direct dev"
    description:
      name: flutter_launcher_icons
      sha256: ce0e501cfc258907842238e4ca605e74b7fd1cdf04b3b43e86c43f3e40a1592c
      url: "https://pub.dev"
    source: hosted
    version: "0.11.0"
  flutter_local_notifications:
    dependency: "direct main"
    description:
      name: flutter_local_notifications
      sha256: f222919a34545931e47b06000836b5101baeffb0e6eb5a4691d2d42851740dd9
      url: "https://pub.dev"
    source: hosted
    version: "12.0.4"
  flutter_local_notifications_linux:
    dependency: transitive
    description:
      name: flutter_local_notifications_linux
      sha256: "6af440e3962eeab8459602c309d7d4ab9e62f05d5cfe58195a28f846a0b5d523"
      url: "https://pub.dev"
    source: hosted
    version: "1.0.0"
  flutter_local_notifications_platform_interface:
    dependency: transitive
    description:
      name: flutter_local_notifications_platform_interface
      sha256: "5ec1feac5f7f7d9266759488bc5f76416152baba9aa1b26fe572246caa00d1ab"
      url: "https://pub.dev"
    source: hosted
    version: "6.0.0"
  flutter_localizations:
    dependency: transitive
    description: flutter
    source: sdk
    version: "0.0.0"
  flutter_plugin_android_lifecycle:
    dependency: transitive
    description:
      name: flutter_plugin_android_lifecycle
      sha256: "60fc7b78455b94e6de2333d2f95196d32cf5c22f4b0b0520a628804cb463503b"
      url: "https://pub.dev"
    source: hosted
    version: "2.0.7"
  flutter_riverpod:
    dependency: "direct main"
    description:
      name: flutter_riverpod
      sha256: "371f6e8acb69dbe8aa3e0a50c8a65f8a9352b599134d585cc4923261cb5ae4d6"
      url: "https://pub.dev"
    source: hosted
    version: "2.1.1"
  flutter_svg:
    dependency: "direct main"
    description:
      name: flutter_svg
      sha256: "6ff9fa12892ae074092de2fa6a9938fb21dbabfdaa2ff57dc697ff912fc8d4b2"
      url: "https://pub.dev"
    source: hosted
    version: "1.1.6"
  flutter_test:
    dependency: "direct dev"
    description: flutter
    source: sdk
    version: "0.0.0"
  flutter_web_plugins:
    dependency: transitive
    description: flutter
    source: sdk
    version: "0.0.0"
  flutter_widget_from_html:
    dependency: "direct main"
    description:
      name: flutter_widget_from_html
      sha256: bc92fa62986a1d14bec92d26225bb7b37d581bd91efdad55158efa2eeb200b85
      url: "https://pub.dev"
    source: hosted
    version: "0.9.1"
  flutter_widget_from_html_core:
    dependency: transitive
    description:
      name: flutter_widget_from_html_core
      sha256: "296485e685b44ad7c6883372aebc56038a28b84f75e7a668bcd8bf01de881739"
      url: "https://pub.dev"
    source: hosted
    version: "0.9.1"
  font_awesome_flutter:
    dependency: "direct main"
    description:
      name: font_awesome_flutter
      sha256: "875dbb9ec1ad30d68102019ceb682760d06c72747c1c5b7885781b95f88569cc"
      url: "https://pub.dev"
    source: hosted
    version: "10.3.0"
  fwfh_cached_network_image:
    dependency: transitive
    description:
      name: fwfh_cached_network_image
      sha256: a9c0ec9606b2d5935162c69cdb65ad22f455e9cf705919d8ceff89251b7ac16f
      url: "https://pub.dev"
    source: hosted
    version: "0.7.0+4"
  fwfh_chewie:
    dependency: transitive
    description:
      name: fwfh_chewie
      sha256: "2613881a1b1ffa09bb6c0a45510b832fde4a29d8aa70620f41b6e0587fffa7ab"
      url: "https://pub.dev"
    source: hosted
    version: "0.7.1+1"
  fwfh_just_audio:
    dependency: transitive
    description:
      name: fwfh_just_audio
      sha256: "1f09918053cf828954061cf55c179e67fb79f87c936cd2c7c9edbb4a9477959e"
      url: "https://pub.dev"
    source: hosted
    version: "0.9.0+1"
  fwfh_svg:
    dependency: transitive
    description:
      name: fwfh_svg
      sha256: "556df67faf76b98c76dba144daf9fa9b3e874670e35b0a02d918402f8b8e98f5"
      url: "https://pub.dev"
    source: hosted
    version: "0.7.2+1"
  fwfh_text_style:
    dependency: transitive
    description:
      name: fwfh_text_style
      sha256: "37806ee0222f79b6e8d4c698c322c897eae6a817258156f40aeece4e588fac60"
      url: "https://pub.dev"
    source: hosted
    version: "2.22.08+1"
  fwfh_url_launcher:
    dependency: transitive
    description:
      name: fwfh_url_launcher
      sha256: a1c578fde803fc8d00e886e976df94f7ada120d6cbbdd2149d71122dfb337703
      url: "https://pub.dev"
    source: hosted
    version: "0.9.0+1"
  fwfh_webview:
    dependency: transitive
    description:
      name: fwfh_webview
      sha256: ac35568bbef93b5f811c2e9f2b0cf9b6f1e20d4effc70ccbf52ca3c703047c9f
      url: "https://pub.dev"
    source: hosted
    version: "0.7.0+1"
  geocoding:
    dependency: "direct main"
    description:
      name: geocoding
      sha256: "26218460a902d4249b81e6baf9d55ce400fd1ebe6fc0a7e92b2c12b0b8e1e14e"
      url: "https://pub.dev"
    source: hosted
    version: "2.0.5"
  geocoding_platform_interface:
    dependency: transitive
    description:
      name: geocoding_platform_interface
      sha256: "8848605d307d844d89937cdb4b8ad7dfa880552078f310fa24d8a460f6dddab4"
      url: "https://pub.dev"
    source: hosted
    version: "2.0.1"
  geolocator:
    dependency: "direct main"
    description:
      name: geolocator
      sha256: "5c23f3613f50586c0bbb2b8f970240ae66b3bd992088cf60dd5ee2e6f7dde3a8"
      url: "https://pub.dev"
    source: hosted
    version: "9.0.2"
  geolocator_android:
    dependency: transitive
    description:
      name: geolocator_android
      sha256: fe90565c3a8789dc3b433d8f95cdb18343f9bde298a419d978337ba1ae1037d3
      url: "https://pub.dev"
    source: hosted
    version: "4.1.4"
  geolocator_apple:
    dependency: transitive
    description:
      name: geolocator_apple
      sha256: "567cf6d9879b4c33b2bd8bbfff0995e75c62a14f87b1480c8522c5dca5d3b166"
      url: "https://pub.dev"
    source: hosted
    version: "2.2.3"
  geolocator_platform_interface:
    dependency: transitive
    description:
      name: geolocator_platform_interface
      sha256: af4d69231452f9620718588f41acc4cb58312368716bfff2e92e770b46ce6386
      url: "https://pub.dev"
    source: hosted
    version: "4.0.7"
  geolocator_web:
    dependency: transitive
    description:
      name: geolocator_web
      sha256: f68a122da48fcfff68bbc9846bb0b74ef651afe84a1b1f6ec20939de4d6860e1
      url: "https://pub.dev"
    source: hosted
    version: "2.1.6"
  geolocator_windows:
    dependency: transitive
    description:
      name: geolocator_windows
      sha256: f5911c88e23f48b598dd506c7c19eff0e001645bdc03bb6fecb9f4549208354d
      url: "https://pub.dev"
    source: hosted
    version: "0.1.1"
  get:
    dependency: "direct main"
    description:
      name: get
      sha256: "2ba20a47c8f1f233bed775ba2dd0d3ac97b4cf32fc17731b3dfc672b06b0e92a"
      url: "https://pub.dev"
    source: hosted
    version: "4.6.5"
  google_fonts:
    dependency: "direct main"
    description:
      name: google_fonts
      sha256: "6b6f10f0ce3c42f6552d1c70d2c28d764cf22bb487f50f66cca31dcd5194f4d6"
      url: "https://pub.dev"
    source: hosted
    version: "4.0.4"
  google_maps_flutter:
    dependency: "direct main"
    description:
      name: google_maps_flutter
      sha256: "7a4538540c06e5355128f2de0dad8419613a427f75df6b7e2b55b3723ad8aead"
      url: "https://pub.dev"
    source: hosted
    version: "2.2.2"
  google_maps_flutter_android:
    dependency: transitive
    description:
      name: google_maps_flutter_android
      sha256: d0db68669ee41c24d94c4db4d7209ebca8c0b85669287ebe8becc76f1947d0ae
      url: "https://pub.dev"
    source: hosted
    version: "2.4.0"
  google_maps_flutter_ios:
    dependency: transitive
    description:
      name: google_maps_flutter_ios
      sha256: "43a71553d9973af6886b6984e246dac18b8a62dc59581904d8d1292388b05ea5"
      url: "https://pub.dev"
    source: hosted
    version: "2.1.12"
  google_maps_flutter_platform_interface:
    dependency: transitive
    description:
      name: google_maps_flutter_platform_interface
      sha256: cde5d8713fd61f48ba675190be5ab294a022eec966748a2f83063f487d076fbc
      url: "https://pub.dev"
    source: hosted
    version: "2.2.4"
  html:
    dependency: transitive
    description:
      name: html
      sha256: "58e3491f7bf0b6a4ea5110c0c688877460d1a6366731155c4a4580e7ded773e8"
      url: "https://pub.dev"
    source: hosted
    version: "0.15.3"
  http:
    dependency: transitive
    description:
      name: http
      sha256: "6aa2946395183537c8b880962d935877325d6a09a2867c3970c05c0fed6ac482"
      url: "https://pub.dev"
    source: hosted
    version: "0.13.5"
  http_parser:
    dependency: transitive
    description:
      name: http_parser
      sha256: "2aa08ce0341cc9b354a498388e30986515406668dbcc4f7c950c3e715496693b"
      url: "https://pub.dev"
    source: hosted
    version: "4.0.2"
  image:
    dependency: transitive
    description:
      name: image
      sha256: f6ffe2895e3c86c6ad5a27e6302cf807403463e397cb2f0c580f619ac2fa588b
      url: "https://pub.dev"
    source: hosted
    version: "3.2.2"
  image_picker:
    dependency: "direct main"
    description:
      name: image_picker
      sha256: a8f2f0aed50c03230ab37e93ca2905c50b6c4097245345956eb24a88f45328cd
      url: "https://pub.dev"
    source: hosted
    version: "0.8.6"
  image_picker_android:
    dependency: transitive
    description:
      name: image_picker_android
      sha256: b22718074bcecfd0d5008e5fe1ab89db157e125c015b0776ab57ce2160167b82
      url: "https://pub.dev"
    source: hosted
    version: "0.8.5+4"
  image_picker_for_web:
    dependency: transitive
    description:
      name: image_picker_for_web
      sha256: "7d319fb74955ca46d9bf7011497860e3923bb67feebcf068f489311065863899"
      url: "https://pub.dev"
    source: hosted
    version: "2.1.10"
  image_picker_ios:
    dependency: transitive
    description:
      name: image_picker_ios
      sha256: "2c59612273411ecb0beccb11e49db7272975c882f5866c7948017cb6acb3557e"
      url: "https://pub.dev"
    source: hosted
    version: "0.8.6+3"
  image_picker_platform_interface:
    dependency: transitive
    description:
      name: image_picker_platform_interface
      sha256: "7cef2f28f4f2fef99180f636c3d446b4ccbafd6ba0fad2adc9a80c4040f656b8"
      url: "https://pub.dev"
    source: hosted
    version: "2.6.2"
  internet_connection_checker:
    dependency: "direct main"
    description:
      name: internet_connection_checker
      sha256: "1c683e63e89c9ac66a40748b1b20889fd9804980da732bf2b58d6d5456c8e876"
      url: "https://pub.dev"
    source: hosted
    version: "1.0.0+1"
  intl:
    dependency: "direct main"
    description:
      name: intl
      sha256: "3bc132a9dbce73a7e4a21a17d06e1878839ffbf975568bc875c60537824b0c4d"
      url: "https://pub.dev"
    source: hosted
    version: "0.18.1"
  js:
    dependency: transitive
    description:
      name: js
      sha256: f2c445dce49627136094980615a031419f7f3eb393237e4ecd97ac15dea343f3
      url: "https://pub.dev"
    source: hosted
    version: "0.6.7"
  json_annotation:
    dependency: transitive
    description:
      name: json_annotation
      sha256: "3520fa844009431b5d4491a5a778603520cdc399ab3406332dcc50f93547258c"
      url: "https://pub.dev"
    source: hosted
    version: "4.7.0"
  just_audio:
    dependency: transitive
    description:
      name: just_audio
      sha256: "7e6d31508dacd01a066e3889caf6282e5f1eb60707c230203b21a83af5c55586"
      url: "https://pub.dev"
    source: hosted
    version: "0.9.32"
  just_audio_platform_interface:
    dependency: transitive
    description:
      name: just_audio_platform_interface
      sha256: eff112d5138bea3ba544b6338b1e0537a32b5e1425e4d0dc38f732771cda7c84
      url: "https://pub.dev"
    source: hosted
    version: "4.2.0"
  just_audio_web:
    dependency: transitive
    description:
      name: just_audio_web
      sha256: "89d8db6f19f3821bb6bf908c4bfb846079afb2ab575b783d781a6bf119e3abaf"
      url: "https://pub.dev"
    source: hosted
    version: "0.4.7"
  lottie:
    dependency: "direct main"
    description:
      name: lottie
      sha256: "0205213a2fc9ac016f07de3354663594236c76cece1572c683e79822d6fcfdb4"
      url: "https://pub.dev"
    source: hosted
    version: "2.1.0"
  map_launcher:
    dependency: "direct main"
    description:
      name: map_launcher
      sha256: "01830d19ca7c49ee5225c3b16d8d98e557285572eaedab1b11d8ad38fd615a99"
      url: "https://pub.dev"
    source: hosted
    version: "2.4.0"
  matcher:
    dependency: transitive
    description:
      name: matcher
      sha256: "1803e76e6653768d64ed8ff2e1e67bea3ad4b923eb5c56a295c3e634bad5960e"
      url: "https://pub.dev"
    source: hosted
    version: "0.12.16"
  material_color_utilities:
    dependency: transitive
    description:
      name: material_color_utilities
      sha256: "9528f2f296073ff54cb9fee677df673ace1218163c3bc7628093e7eed5203d41"
      url: "https://pub.dev"
    source: hosted
    version: "0.5.0"
  meta:
    dependency: transitive
    description:
      name: meta
      sha256: "3c74dbf8763d36539f114c799d8a2d87343b5067e9d796ca22b5eb8437090ee3"
      url: "https://pub.dev"
    source: hosted
    version: "1.9.1"
  month_year_picker:
    dependency: "direct main"
    description:
      name: month_year_picker
      sha256: a9af8179b6519960a4261147f20b87e0da0794e4dd9db49a079b79aedd14b7f1
      url: "https://pub.dev"
    source: hosted
    version: "0.3.0+1"
  nested:
    dependency: transitive
    description:
      name: nested
      sha256: "03bac4c528c64c95c722ec99280375a6f2fc708eec17c7b3f07253b626cd2a20"
      url: "https://pub.dev"
    source: hosted
    version: "1.0.0"
  octo_image:
    dependency: transitive
    description:
      name: octo_image
      sha256: "107f3ed1330006a3bea63615e81cf637433f5135a52466c7caa0e7152bca9143"
      url: "https://pub.dev"
    source: hosted
    version: "1.0.2"
  open_file:
    dependency: "direct main"
    description:
      name: open_file
      sha256: "5cd0288033d613ee7908aa974b7ff00805ae55d253f64d311603cf2e30613ca8"
      url: "https://pub.dev"
    source: hosted
    version: "3.2.1"
  page_transition:
    dependency: "direct main"
    description:
      name: page_transition
      sha256: a7694bc120b7064a7f57c336914bb8885acf4f70bb3772c30c2fcfe6a85e43ff
      url: "https://pub.dev"
    source: hosted
    version: "2.0.9"
  path:
    dependency: transitive
    description:
      name: path
      sha256: "8829d8a55c13fc0e37127c29fedf290c102f4e40ae94ada574091fe0ff96c917"
      url: "https://pub.dev"
    source: hosted
    version: "1.8.3"
  path_drawing:
    dependency: transitive
    description:
      name: path_drawing
      sha256: bbb1934c0cbb03091af082a6389ca2080345291ef07a5fa6d6e078ba8682f977
      url: "https://pub.dev"
    source: hosted
    version: "1.0.1"
  path_parsing:
    dependency: transitive
    description:
      name: path_parsing
      sha256: e3e67b1629e6f7e8100b367d3db6ba6af4b1f0bb80f64db18ef1fbabd2fa9ccf
      url: "https://pub.dev"
    source: hosted
    version: "1.0.1"
  path_provider:
    dependency: "direct main"
    description:
      name: path_provider
      sha256: "050e8e85e4b7fecdf2bb3682c1c64c4887a183720c802d323de8a5fd76d372dd"
      url: "https://pub.dev"
    source: hosted
    version: "2.0.11"
  path_provider_android:
    dependency: transitive
    description:
      name: path_provider_android
      sha256: a776c088d671b27f6e3aa8881d64b87b3e80201c64e8869b811325de7a76c15e
      url: "https://pub.dev"
    source: hosted
    version: "2.0.22"
  path_provider_ios:
    dependency: transitive
    description:
      name: path_provider_ios
      sha256: "03d639406f5343478352433f00d3c4394d52dac8df3d847869c5e2333e0bbce8"
      url: "https://pub.dev"
    source: hosted
    version: "2.0.11"
  path_provider_linux:
    dependency: transitive
    description:
      name: path_provider_linux
      sha256: ab0987bf95bc591da42dffb38c77398fc43309f0b9b894dcc5d6f40c4b26c379
      url: "https://pub.dev"
    source: hosted
    version: "2.1.7"
  path_provider_macos:
    dependency: transitive
    description:
      name: path_provider_macos
      sha256: "2a97e7fbb7ae9dcd0dfc1220a78e9ec3e71da691912e617e8715ff2a13086ae8"
      url: "https://pub.dev"
    source: hosted
    version: "2.0.6"
  path_provider_platform_interface:
    dependency: transitive
    description:
      name: path_provider_platform_interface
      sha256: f0abc8ebd7253741f05488b4813d936b4d07c6bae3e86148a09e342ee4b08e76
      url: "https://pub.dev"
    source: hosted
    version: "2.0.5"
  path_provider_windows:
    dependency: transitive
    description:
      name: path_provider_windows
      sha256: a34ecd7fb548f8e57321fd8e50d865d266941b54e6c3b7758cf8f37c24116905
      url: "https://pub.dev"
    source: hosted
    version: "2.0.7"
  pedantic:
    dependency: transitive
    description:
      name: pedantic
      sha256: "67fc27ed9639506c856c840ccce7594d0bdcd91bc8d53d6e52359449a1d50602"
      url: "https://pub.dev"
    source: hosted
    version: "1.11.1"
  petitparser:
    dependency: transitive
    description:
      name: petitparser
      sha256: "49392a45ced973e8d94a85fdb21293fbb40ba805fc49f2965101ae748a3683b4"
      url: "https://pub.dev"
    source: hosted
    version: "5.1.0"
  platform:
    dependency: transitive
    description:
      name: platform
      sha256: "4a451831508d7d6ca779f7ac6e212b4023dd5a7d08a27a63da33756410e32b76"
      url: "https://pub.dev"
    source: hosted
    version: "3.1.0"
  plugin_platform_interface:
    dependency: transitive
    description:
      name: plugin_platform_interface
      sha256: dbf0f707c78beedc9200146ad3cb0ab4d5da13c246336987be6940f026500d3a
      url: "https://pub.dev"
    source: hosted
    version: "2.1.3"
  pointycastle:
    dependency: transitive
    description:
      name: pointycastle
      sha256: db7306cf0249f838d1a24af52b5a5887c5bf7f31d8bb4e827d071dc0939ad346
      url: "https://pub.dev"
    source: hosted
    version: "3.6.2"
  process:
    dependency: transitive
    description:
      name: process
      sha256: "53fd8db9cec1d37b0574e12f07520d582019cb6c44abf5479a01505099a34a09"
      url: "https://pub.dev"
    source: hosted
    version: "4.2.4"
  provider:
    dependency: transitive
    description:
      name: provider
      sha256: cdbe7530b12ecd9eb455bdaa2fcb8d4dad22e80b8afb4798b41479d5ce26847f
      url: "https://pub.dev"
    source: hosted
    version: "6.0.5"
  quickalert:
    dependency: "direct main"
    description:
      name: quickalert
      sha256: "33a52870b2a87c55d0649d0cd228efaa2368d5df39231fdecebb71f349a9b221"
      url: "https://pub.dev"
    source: hosted
    version: "1.0.1"
  riverpod:
    dependency: transitive
    description:
      name: riverpod
      sha256: "899cd0999b2f3b798349d9b5639cfea81d406c011bd914097145ff92e91b29f9"
      url: "https://pub.dev"
    source: hosted
    version: "2.1.1"
  rxdart:
    dependency: transitive
    description:
      name: rxdart
      sha256: "0c7c0cedd93788d996e33041ffecda924cc54389199cde4e6a34b440f50044cb"
      url: "https://pub.dev"
    source: hosted
    version: "0.27.7"
  shared_preferences:
    dependency: "direct main"
    description:
      name: shared_preferences
      sha256: "76917b7d4b9526b2ba416808a7eb9fb2863c1a09cf63ec85f1453da240fa818a"
      url: "https://pub.dev"
    source: hosted
    version: "2.0.15"
  shared_preferences_android:
    dependency: transitive
    description:
      name: shared_preferences_android
      sha256: "8e251f3c986002b65fed6396bce81f379fb63c27317d49743cf289fd0fd1ab97"
      url: "https://pub.dev"
    source: hosted
    version: "2.0.14"
  shared_preferences_ios:
    dependency: transitive
    description:
      name: shared_preferences_ios
      sha256: "585a14cefec7da8c9c2fb8cd283a3bb726b4155c0952afe6a0caaa7b2272de34"
      url: "https://pub.dev"
    source: hosted
    version: "2.1.1"
  shared_preferences_linux:
    dependency: transitive
    description:
      name: shared_preferences_linux
      sha256: fbc3cd6826896b66a5f576b025e4f344f780c84ea7f8203097a353370607a2c8
      url: "https://pub.dev"
    source: hosted
    version: "2.1.2"
  shared_preferences_macos:
    dependency: transitive
    description:
      name: shared_preferences_macos
      sha256: fbb94bf296576f49be37a1496d5951796211a8db0aa22cc0d68c46440dad808c
      url: "https://pub.dev"
    source: hosted
    version: "2.0.4"
  shared_preferences_platform_interface:
    dependency: transitive
    description:
      name: shared_preferences_platform_interface
      sha256: da9431745ede5ece47bc26d5d73a9d3c6936ef6945c101a5aca46f62e52c1cf3
      url: "https://pub.dev"
    source: hosted
    version: "2.1.0"
  shared_preferences_web:
    dependency: transitive
    description:
      name: shared_preferences_web
      sha256: a4b5bc37fe1b368bbc81f953197d55e12f49d0296e7e412dfe2d2d77d6929958
      url: "https://pub.dev"
    source: hosted
    version: "2.0.4"
  shared_preferences_windows:
    dependency: transitive
    description:
      name: shared_preferences_windows
      sha256: "07c274c2115d4d5e4280622abb09f0980e2c5b1fcdc98ae9f59a3bad5bfc1f26"
      url: "https://pub.dev"
    source: hosted
    version: "2.1.2"
  sky_engine:
    dependency: transitive
    description: flutter
    source: sdk
    version: "0.0.99"
  slide_to_act:
    dependency: "direct main"
    description:
      name: slide_to_act
      sha256: e3ed8b7fdb3f4bff43ac3370c9dd27b4e48fb2518007f6d28745109f7aea275d
      url: "https://pub.dev"
    source: hosted
    version: "2.0.1"
  source_span:
    dependency: transitive
    description:
      name: source_span
      sha256: "53e943d4206a5e30df338fd4c6e7a077e02254531b138a15aec3bd143c1a8b3c"
      url: "https://pub.dev"
    source: hosted
    version: "1.10.0"
  sqflite:
    dependency: transitive
    description:
      name: sqflite
      sha256: acf091c6e55c50d00b30b8532b2dd23e393cf775861665ebd0f15cdd6ebfb079
      url: "https://pub.dev"
    source: hosted
    version: "2.2.8+1"
  sqflite_common:
    dependency: transitive
    description:
      name: sqflite_common
      sha256: e77abf6ff961d69dfef41daccbb66b51e9983cdd5cb35bf30733598057401555
      url: "https://pub.dev"
    source: hosted
    version: "2.4.5"
  stack_trace:
    dependency: transitive
    description:
      name: stack_trace
      sha256: c3c7d8edb15bee7f0f74debd4b9c5f3c2ea86766fe4178eb2a18eb30a0bdaed5
      url: "https://pub.dev"
    source: hosted
    version: "1.11.0"
  state_notifier:
    dependency: transitive
    description:
      name: state_notifier
      sha256: "8fe42610f179b843b12371e40db58c9444f8757f8b69d181c97e50787caed289"
      url: "https://pub.dev"
    source: hosted
    version: "0.7.2+1"
  stop_watch_timer:
    dependency: "direct main"
    description:
      name: stop_watch_timer
      sha256: eb690e4f6d983ba12ddfbf51a5d489fdba8b64982b9651cb538650888cec2886
      url: "https://pub.dev"
    source: hosted
    version: "2.0.0"
  stream_channel:
    dependency: transitive
    description:
      name: stream_channel
      sha256: "83615bee9045c1d322bbbd1ba209b7a749c2cbcdcb3fdd1df8eb488b3279c1c8"
      url: "https://pub.dev"
    source: hosted
    version: "2.1.1"
  stream_transform:
    dependency: transitive
    description:
      name: stream_transform
      sha256: "14a00e794c7c11aa145a170587321aedce29769c08d7f58b1d141da75e3b1c6f"
      url: "https://pub.dev"
    source: hosted
    version: "2.1.0"
  string_scanner:
    dependency: transitive
    description:
      name: string_scanner
      sha256: "556692adab6cfa87322a115640c11f13cb77b3f076ddcc5d6ae3c20242bedcde"
      url: "https://pub.dev"
    source: hosted
    version: "1.2.0"
  syncfusion_flutter_calendar:
    dependency: "direct main"
    description:
      name: syncfusion_flutter_calendar
      sha256: b1a7c3ece87082fd22dedee3bac20f7d782e2049096c7241fef1e5a03ee31f96
      url: "https://pub.dev"
    source: hosted
    version: "20.4.38"
  syncfusion_flutter_core:
    dependency: transitive
    description:
      name: syncfusion_flutter_core
      sha256: "0d027bd2137ecba3ad058a0ce07353f6e1ce051d03bc569b6cfee99f206fdaa6"
      url: "https://pub.dev"
    source: hosted
    version: "20.4.38"
  syncfusion_flutter_datepicker:
    dependency: "direct main"
    description:
      name: syncfusion_flutter_datepicker
      sha256: "33df5919045160ea22adf2683d2da856d7234cf2c4e56e1ed90f6fa26c481cc7"
      url: "https://pub.dev"
    source: hosted
    version: "20.4.38"
  synchronized:
    dependency: transitive
    description:
      name: synchronized
      sha256: "5fcbd27688af6082f5abd611af56ee575342c30e87541d0245f7ff99faa02c60"
      url: "https://pub.dev"
    source: hosted
    version: "3.1.0"
  term_glyph:
    dependency: transitive
    description:
      name: term_glyph
      sha256: a29248a84fbb7c79282b40b8c72a1209db169a2e0542bce341da992fe1bc7e84
      url: "https://pub.dev"
    source: hosted
    version: "1.2.1"
  test_api:
    dependency: transitive
    description:
      name: test_api
      sha256: "75760ffd7786fffdfb9597c35c5b27eaeec82be8edfb6d71d32651128ed7aab8"
      url: "https://pub.dev"
    source: hosted
    version: "0.6.0"
  timezone:
    dependency: transitive
    description:
      name: timezone
      sha256: "2e59efc48e9f684c327c0498ac0b81411aee18b10c82f2db2c08f7f052493569"
      url: "https://pub.dev"
    source: hosted
    version: "0.9.0"
  typed_data:
    dependency: transitive
    description:
      name: typed_data
      sha256: "26f87ade979c47a150c9eaab93ccd2bebe70a27dc0b4b29517f2904f04eb11a5"
      url: "https://pub.dev"
    source: hosted
    version: "1.3.1"
  url_launcher:
    dependency: "direct main"
    description:
      name: url_launcher
      sha256: "3c92b0efb5e9dcb8f846aefabf9f0f739f91682ed486b991ceda51c288e60896"
      url: "https://pub.dev"
    source: hosted
    version: "6.1.7"
  url_launcher_android:
    dependency: transitive
    description:
      name: url_launcher_android
      sha256: "6f91d30ce9060c204b2dbe728adb300750fa4b228e8f7ed1b961aa1ceb728799"
      url: "https://pub.dev"
    source: hosted
    version: "6.0.22"
  url_launcher_ios:
    dependency: transitive
    description:
      name: url_launcher_ios
      sha256: "6ba7dddee26c9fae27c9203c424631109d73c8fa26cfa7bc3e35e751cb87f62e"
      url: "https://pub.dev"
    source: hosted
    version: "6.0.17"
  url_launcher_linux:
    dependency: transitive
    description:
      name: url_launcher_linux
      sha256: "360fa359ab06bcb4f7c5cd3123a2a9a4d3364d4575d27c4b33468bd4497dd094"
      url: "https://pub.dev"
    source: hosted
    version: "3.0.1"
  url_launcher_macos:
    dependency: transitive
    description:
      name: url_launcher_macos
      sha256: a9b3ea9043eabfaadfa3fb89de67a11210d85569086d22b3854484beab8b3978
      url: "https://pub.dev"
    source: hosted
    version: "3.0.1"
  url_launcher_platform_interface:
    dependency: transitive
    description:
      name: url_launcher_platform_interface
      sha256: "4eae912628763eb48fc214522e58e942fd16ce195407dbf45638239523c759a6"
      url: "https://pub.dev"
    source: hosted
    version: "2.1.1"
  url_launcher_web:
    dependency: transitive
    description:
      name: url_launcher_web
      sha256: "5669882643b96bb6d5786637cac727c6e918a790053b09245fd4513b8a07df2a"
      url: "https://pub.dev"
    source: hosted
    version: "2.0.13"
  url_launcher_windows:
    dependency: transitive
    description:
      name: url_launcher_windows
      sha256: e3c3b16d3104260c10eea3b0e34272aaa57921f83148b0619f74c2eced9b7ef1
      url: "https://pub.dev"
    source: hosted
    version: "3.0.1"
  uuid:
    dependency: transitive
    description:
      name: uuid
      sha256: "648e103079f7c64a36dc7d39369cabb358d377078a051d6ae2ad3aa539519313"
      url: "https://pub.dev"
    source: hosted
    version: "3.0.7"
  vector_math:
    dependency: transitive
    description:
      name: vector_math
      sha256: "80b3257d1492ce4d091729e3a67a60407d227c27241d6927be0130c98e741803"
      url: "https://pub.dev"
    source: hosted
    version: "2.1.4"
  video_player:
    dependency: transitive
    description:
      name: video_player
      sha256: de95f0e9405f29b5582573d4166132e71f83b3158aac14e8ee5767a54f4f1fbd
      url: "https://pub.dev"
    source: hosted
    version: "2.6.1"
  video_player_android:
    dependency: transitive
    description:
      name: video_player_android
      sha256: b608c320ab1a5fd373987c9c3c9ddbd6bda04d209f2a9f0bf197c5b02082201e
      url: "https://pub.dev"
    source: hosted
    version: "2.4.7"
  video_player_avfoundation:
    dependency: transitive
    description:
      name: video_player_avfoundation
      sha256: "824dad3e2986a13766fcccfd1c48c83eef9f896c220a53292e3019b9e98615bb"
      url: "https://pub.dev"
    source: hosted
    version: "2.4.5"
  video_player_platform_interface:
    dependency: transitive
    description:
      name: video_player_platform_interface
      sha256: a8c4dcae2a7a6e7cc1d7f9808294d968eca1993af34a98e95b9bdfa959bec684
      url: "https://pub.dev"
    source: hosted
    version: "6.1.0"
  video_player_web:
    dependency: transitive
    description:
      name: video_player_web
      sha256: "44ce41424d104dfb7cf6982cc6b84af2b007a24d126406025bf40de5d481c74c"
      url: "https://pub.dev"
    source: hosted
    version: "2.0.16"
  wakelock:
    dependency: transitive
    description:
      name: wakelock
      sha256: "769ecf42eb2d07128407b50cb93d7c10bd2ee48f0276ef0119db1d25cc2f87db"
      url: "https://pub.dev"
    source: hosted
    version: "0.6.2"
  wakelock_macos:
    dependency: transitive
    description:
      name: wakelock_macos
      sha256: "047c6be2f88cb6b76d02553bca5a3a3b95323b15d30867eca53a19a0a319d4cd"
      url: "https://pub.dev"
    source: hosted
    version: "0.4.0"
  wakelock_platform_interface:
    dependency: transitive
    description:
      name: wakelock_platform_interface
      sha256: "1f4aeb81fb592b863da83d2d0f7b8196067451e4df91046c26b54a403f9de621"
      url: "https://pub.dev"
    source: hosted
    version: "0.3.0"
  wakelock_web:
    dependency: transitive
    description:
      name: wakelock_web
      sha256: "1b256b811ee3f0834888efddfe03da8d18d0819317f20f6193e2922b41a501b5"
      url: "https://pub.dev"
    source: hosted
    version: "0.4.0"
  wakelock_windows:
    dependency: transitive
    description:
      name: wakelock_windows
      sha256: "108b1b73711f1664ee462e73af34a9286ff496e27d4d8371e2fb4da8fde4cdac"
      url: "https://pub.dev"
    source: hosted
    version: "0.2.0"
  web:
    dependency: transitive
    description:
      name: web
      sha256: dc8ccd225a2005c1be616fe02951e2e342092edf968cf0844220383757ef8f10
      url: "https://pub.dev"
    source: hosted
    version: "0.1.4-beta"
  webview_flutter:
    dependency: transitive
    description:
      name: webview_flutter
      sha256: "1a37bdbaaf5fbe09ad8579ab09ecfd473284ce482f900b5aea27cf834386a567"
      url: "https://pub.dev"
    source: hosted
    version: "4.2.0"
  webview_flutter_android:
    dependency: transitive
    description:
      name: webview_flutter_android
      sha256: "1acea8def62592123e2fbbca164ed8681a98a890bdcbb88f916d5b4a22687759"
      url: "https://pub.dev"
    source: hosted
    version: "3.7.0"
  webview_flutter_platform_interface:
    dependency: transitive
    description:
      name: webview_flutter_platform_interface
      sha256: "78715dc442b7849dbde74e92bb67de1cecf5addf95531c5fb474e72f5fe9a507"
      url: "https://pub.dev"
    source: hosted
    version: "2.3.0"
  webview_flutter_wkwebview:
    dependency: transitive
    description:
      name: webview_flutter_wkwebview
      sha256: "61f33512810bf1ee9ac89761a4b02663ff64e8227b7dc80654642acd660fd49d"
      url: "https://pub.dev"
    source: hosted
    version: "3.4.2"
  win32:
    dependency: transitive
    description:
      name: win32
      sha256: c0e3a4f7be7dae51d8f152230b86627e3397c1ba8c3fa58e63d44a9f3edc9cef
      url: "https://pub.dev"
    source: hosted
    version: "2.6.1"
  xdg_directories:
    dependency: transitive
    description:
      name: xdg_directories
      sha256: "11541eedefbcaec9de35aa82650b695297ce668662bbd6e3911a7fabdbde589f"
      url: "https://pub.dev"
    source: hosted
    version: "0.2.0+2"
  xml:
    dependency: transitive
    description:
      name: xml
      sha256: ac0e3f4bf00ba2708c33fbabbbe766300e509f8c82dbd4ab6525039813f7e2fb
      url: "https://pub.dev"
    source: hosted
    version: "6.1.0"
  yaml:
    dependency: transitive
    description:
      name: yaml
      sha256: "23812a9b125b48d4007117254bca50abb6c712352927eece9e155207b1db2370"
      url: "https://pub.dev"
    source: hosted
    version: "3.1.1"
sdks:
  dart: ">=3.1.0-185.0.dev <4.0.0"
  flutter: ">=3.10.0"
